
Microsoft Visual Studio Solution File, Format Version 12.00
# Visual Studio Version 17
VisualStudioVersion = 17.4.33205.214
MinimumVisualStudioVersion = 10.0.40219.1
Project("{FAE04EC0-301F-11D3-BF4B-00C04F79EFBC}") = "ShapeAreaApplication", "ShapeAreaApplication\ShapeAreaApplication.csproj", "{9F1527D3-1798-48B1-ABB1-2DBCCC641F40}"
EndProject
Project("{FAE04EC0-301F-11D3-BF4B-00C04F79EFBC}") = "BusinessLogic", "BusinessLogic\BusinessLogic.csproj", "{2F5901B3-A894-4E38-B502-68630EAD4155}"
EndProject
Project("{FAE04EC0-301F-11D3-BF4B-00C04F79EFBC}") = "ShapeAreaApplication.Tests", "ShapeAreaApplication.Tests\ShapeAreaApplication.Tests.csproj", "{E471BEC1-E8EA-41F5-83CF-3D053124B39B}"
EndProject
Global
	GlobalSection(SolutionConfigurationPlatforms) = preSolution
		Debug|Any CPU = Debug|Any CPU
		Release|Any CPU = Release|Any CPU
	EndGlobalSection
	GlobalSection(ProjectConfigurationPlatforms) = postSolution
		{9F1527D3-1798-48B1-ABB1-2DBCCC641F40}.Debug|Any CPU.ActiveCfg = Debug|Any CPU
		{9F1527D3-1798-48B1-ABB1-2DBCCC641F40}.Debug|Any CPU.Build.0 = Debug|Any CPU
		{9F1527D3-1798-48B1-ABB1-2DBCCC641F40}.Release|Any CPU.ActiveCfg = Release|Any CPU
		{9F1527D3-1798-48B1-ABB1-2DBCCC641F40}.Release|Any CPU.Build.0 = Release|Any CPU
		{2F5901B3-A894-4E38-B502-68630EAD4155}.Debug|Any CPU.ActiveCfg = Debug|Any CPU
		{2F5901B3-A894-4E38-B502-68630EAD4155}.Debug|Any CPU.Build.0 = Debug|Any CPU
		{2F5901B3-A894-4E38-B502-68630EAD4155}.Release|Any CPU.ActiveCfg = Release|Any CPU
		{2F5901B3-A894-4E38-B502-68630EAD4155}.Release|Any CPU.Build.0 = Release|Any CPU
		{E471BEC1-E8EA-41F5-83CF-3D053124B39B}.Debug|Any CPU.ActiveCfg = Debug|Any CPU
		{E471BEC1-E8EA-41F5-83CF-3D053124B39B}.Debug|Any CPU.Build.0 = Debug|Any CPU
		{E471BEC1-E8EA-41F5-83CF-3D053124B39B}.Release|Any CPU.ActiveCfg = Release|Any CPU
		{E471BEC1-E8EA-41F5-83CF-3D053124B39B}.Release|Any CPU.Build.0 = Release|Any CPU
	EndGlobalSection
	GlobalSection(SolutionProperties) = preSolution
		HideSolutionNode = FALSE
	EndGlobalSection
	GlobalSection(ExtensibilityGlobals) = postSolution
		SolutionGuid = {D2EBD878-09E1-40CD-8FE5-B6152A7C3C70}
	EndGlobalSection
EndGlobal
